
Microsoft Visual Studio Solution File, Format Version 12.00
# Visual Studio Version 17
VisualStudioVersion = 17.12.35514.174 d17.12
MinimumVisualStudioVersion = 10.0.40219.1
Project("{FAE04EC0-301F-11D3-BF4B-00C04F79EFBC}") = "Tmb.Api", "Tmb.Api\Tmb.Api.csproj", "{B8A2FB96-2773-4DAA-8E26-B78694972B84}"
EndProject
Project("{FAE04EC0-301F-11D3-BF4B-00C04F79EFBC}") = "Tmb.Domain", "Tmb.Domain\Tmb.Domain.csproj", "{84F85EDF-3BAC-40BE-9590-01FA3AC114A1}"
EndProject
Project("{FAE04EC0-301F-11D3-BF4B-00C04F79EFBC}") = "Tmb.Application", "Tmb.Application\Tmb.Application.csproj", "{F71FC977-CD63-4297-B2C8-4B2CB3D7A9E8}"
EndProject
Project("{FAE04EC0-301F-11D3-BF4B-00C04F79EFBC}") = "Tmb.Infrastructure", "Tmb.Infrastructure\Tmb.Infrastructure.csproj", "{310CA509-9412-4DFB-8B23-0F691DAEC36D}"
EndProject
Global
	GlobalSection(SolutionConfigurationPlatforms) = preSolution
		Debug|Any CPU = Debug|Any CPU
		Release|Any CPU = Release|Any CPU
	EndGlobalSection
	GlobalSection(ProjectConfigurationPlatforms) = postSolution
		{B8A2FB96-2773-4DAA-8E26-B78694972B84}.Debug|Any CPU.ActiveCfg = Debug|Any CPU
		{B8A2FB96-2773-4DAA-8E26-B78694972B84}.Debug|Any CPU.Build.0 = Debug|Any CPU
		{B8A2FB96-2773-4DAA-8E26-B78694972B84}.Release|Any CPU.ActiveCfg = Release|Any CPU
		{B8A2FB96-2773-4DAA-8E26-B78694972B84}.Release|Any CPU.Build.0 = Release|Any CPU
		{84F85EDF-3BAC-40BE-9590-01FA3AC114A1}.Debug|Any CPU.ActiveCfg = Debug|Any CPU
		{84F85EDF-3BAC-40BE-9590-01FA3AC114A1}.Debug|Any CPU.Build.0 = Debug|Any CPU
		{84F85EDF-3BAC-40BE-9590-01FA3AC114A1}.Release|Any CPU.ActiveCfg = Release|Any CPU
		{84F85EDF-3BAC-40BE-9590-01FA3AC114A1}.Release|Any CPU.Build.0 = Release|Any CPU
		{F71FC977-CD63-4297-B2C8-4B2CB3D7A9E8}.Debug|Any CPU.ActiveCfg = Debug|Any CPU
		{F71FC977-CD63-4297-B2C8-4B2CB3D7A9E8}.Debug|Any CPU.Build.0 = Debug|Any CPU
		{F71FC977-CD63-4297-B2C8-4B2CB3D7A9E8}.Release|Any CPU.ActiveCfg = Release|Any CPU
		{F71FC977-CD63-4297-B2C8-4B2CB3D7A9E8}.Release|Any CPU.Build.0 = Release|Any CPU
		{310CA509-9412-4DFB-8B23-0F691DAEC36D}.Debug|Any CPU.ActiveCfg = Debug|Any CPU
		{310CA509-9412-4DFB-8B23-0F691DAEC36D}.Debug|Any CPU.Build.0 = Debug|Any CPU
		{310CA509-9412-4DFB-8B23-0F691DAEC36D}.Release|Any CPU.ActiveCfg = Release|Any CPU
		{310CA509-9412-4DFB-8B23-0F691DAEC36D}.Release|Any CPU.Build.0 = Release|Any CPU
	EndGlobalSection
	GlobalSection(SolutionProperties) = preSolution
		HideSolutionNode = FALSE
	EndGlobalSection
EndGlobal
